
Microsoft Visual Studio Solution File, Format Version 12.00
# Visual Studio Version 17
VisualStudioVersion = 17.9.34728.123
MinimumVisualStudioVersion = 10.0.40219.1
Project("{8BC9CEB8-8B4A-11D0-8D11-00A0C91BC942}") = "cs3113proj2", "cs3113proj2\cs3113proj2.vcxproj", "{5CC7917D-6C19-4BC8-8765-903D18C633D4}"
EndProject
Global
	GlobalSection(SolutionConfigurationPlatforms) = preSolution
		Debug|x64 = Debug|x64
		Debug|x86 = Debug|x86
		Release|x64 = Release|x64
		Release|x86 = Release|x86
	EndGlobalSection
	GlobalSection(ProjectConfigurationPlatforms) = postSolution
		{5CC7917D-6C19-4BC8-8765-903D18C633D4}.Debug|x64.ActiveCfg = Debug|x64
		{5CC7917D-6C19-4BC8-8765-903D18C633D4}.Debug|x64.Build.0 = Debug|x64
		{5CC7917D-6C19-4BC8-8765-903D18C633D4}.Debug|x86.ActiveCfg = Debug|Win32
		{5CC7917D-6C19-4BC8-8765-903D18C633D4}.Debug|x86.Build.0 = Debug|Win32
		{5CC7917D-6C19-4BC8-8765-903D18C633D4}.Release|x64.ActiveCfg = Release|x64
		{5CC7917D-6C19-4BC8-8765-903D18C633D4}.Release|x64.Build.0 = Release|x64
		{5CC7917D-6C19-4BC8-8765-903D18C633D4}.Release|x86.ActiveCfg = Release|Win32
		{5CC7917D-6C19-4BC8-8765-903D18C633D4}.Release|x86.Build.0 = Release|Win32
	EndGlobalSection
	GlobalSection(SolutionProperties) = preSolution
		HideSolutionNode = FALSE
	EndGlobalSection
	GlobalSection(ExtensibilityGlobals) = postSolution
		SolutionGuid = {320899F0-CD3F-45D0-87FA-34F6BF8B02C6}
	EndGlobalSection
EndGlobal
